dependencies:
- name: storefront
  repository: file://../storefront
  version: 0.1.17
- name: dashboard
  repository: file://../dashboard
  version: 0.1.17
- name: postgresql
  repository: https://charts.bitnami.com/bitnami
  version: 8.10.14
- name: redis
  repository: https://charts.bitnami.com/bitnami
  version: 10.9.0
digest: sha256:bd8860302a5aaf3c0d63d790b2a287ef205d36809b389ae3bd20dac3141a89cd
generated: "2020-11-26T16:13:41.522806-08:00"
